
Microsoft Visual Studio Solution File, Format Version 12.00
# Visual Studio 15
VisualStudioVersion = 15.0.26403.7
MinimumVisualStudioVersion = 10.0.40219.1
Project("{8BC9CEB8-8B4A-11D0-8D11-00A0C91BC942}") = "cpp17", "cpp17\cpp17.vcxproj", "{8F3DC90F-F08F-48CA-B19D-1BFE652F5652}"
EndProject
Project("{8BC9CEB8-8B4A-11D0-8D11-00A0C91BC942}") = "cpp17linux", "cpp17linux\cpp17linux.vcxproj", "{F2F19640-010A-4D7A-B021-778F3BC74792}"
EndProject
Global
	GlobalSection(SolutionConfigurationPlatforms) = preSolution
		Debug|x64 = Debug|x64
		Release|x64 = Release|x64
	EndGlobalSection
	GlobalSection(ProjectConfigurationPlatforms) = postSolution
		{8F3DC90F-F08F-48CA-B19D-1BFE652F5652}.Debug|x64.ActiveCfg = Debug|x64
		{8F3DC90F-F08F-48CA-B19D-1BFE652F5652}.Debug|x64.Build.0 = Debug|x64
		{8F3DC90F-F08F-48CA-B19D-1BFE652F5652}.Release|x64.ActiveCfg = Release|x64
		{8F3DC90F-F08F-48CA-B19D-1BFE652F5652}.Release|x64.Build.0 = Release|x64
		{F2F19640-010A-4D7A-B021-778F3BC74792}.Debug|x64.ActiveCfg = Debug|x64
		{F2F19640-010A-4D7A-B021-778F3BC74792}.Debug|x64.Build.0 = Debug|x64
		{F2F19640-010A-4D7A-B021-778F3BC74792}.Release|x64.ActiveCfg = Release|x64
		{F2F19640-010A-4D7A-B021-778F3BC74792}.Release|x64.Build.0 = Release|x64
	EndGlobalSection
	GlobalSection(SolutionProperties) = preSolution
		HideSolutionNode = FALSE
	EndGlobalSection
EndGlobal
